// !$*UTF8*$!
{
	archiveVersion = 1;
	classes = {
	};
	objectVersion = 46;
	objects = {

/* Begin PBXBuildFile section */
		7D7E12120130D58D045A21A7 /* MQF.txt in Resources */ = {isa = PBXBuildFile; fileRef = 7D7E111B591DEE63D1F406C2 /* MQF.txt */; };
		7D7E15C7D60E4CE9B1357A07 /* CDCVolume2.txt in Resources */ = {isa = PBXBuildFile; fileRef = 7D7E1A8F2CC7B57438A3AEE2 /* CDCVolume2.txt */; };
		7D7E15D41A11A800AF70BB95 /* CDCVolumeAll.txt in Resources */ = {isa = PBXBuildFile; fileRef = 7D7E101F1E5E9C3720CD7495 /* CDCVolumeAll.txt */; };
		7D7E1C31AFBE8FC94FC766CD /* CDCVolume3.txt in Resources */ = {isa = PBXBuildFile; fileRef = 7D7E1D13378684275DD988D4 /* CDCVolume3.txt */; };
		D18E2051189835D80016B4AE /* Foundation.framework in Frameworks */ = {isa = PBXBuildFile; fileRef = D18E2050189835D80016B4AE /* Foundation.framework */; };
		D18E2053189835D80016B4AE /* CoreGraphics.framework in Frameworks */ = {isa = PBXBuildFile; fileRef = D18E2052189835D80016B4AE /* CoreGraphics.framework */; };
		D18E2055189835D80016B4AE /* UIKit.framework in Frameworks */ = {isa = PBXBuildFile; fileRef = D18E2054189835D80016B4AE /* UIKit.framework */; };
		D18E205B189835D80016B4AE /* InfoPlist.strings in Resources */ = {isa = PBXBuildFile; fileRef = D18E2059189835D80016B4AE /* InfoPlist.strings */; };
		D18E205D189835D80016B4AE /* main.m in Sources */ = {isa = PBXBuildFile; fileRef = D18E205C189835D80016B4AE /* main.m */; };
		D18E2061189835D80016B4AE /* AppDelegate.m in Sources */ = {isa = PBXBuildFile; fileRef = D18E2060189835D80016B4AE /* AppDelegate.m */; };
		D18E2064189835D80016B4AE /* Main.storyboard in Resources */ = {isa = PBXBuildFile; fileRef = D18E2062189835D80016B4AE /* Main.storyboard */; };
		D18E2067189835D80016B4AE /* ViewController.m in Sources */ = {isa = PBXBuildFile; fileRef = D18E2066189835D80016B4AE /* ViewController.m */; };
		D18E2069189835D80016B4AE /* Images.xcassets in Resources */ = {isa = PBXBuildFile; fileRef = D18E2068189835D80016B4AE /* Images.xcassets */; };
		D18E2070189835D80016B4AE /* XCTest.framework in Frameworks */ = {isa = PBXBuildFile; fileRef = D18E206F189835D80016B4AE /* XCTest.framework */; };
		D18E2071189835D80016B4AE /* Foundation.framework in Frameworks */ = {isa = PBXBuildFile; fileRef = D18E2050189835D80016B4AE /* Foundation.framework */; };
		D18E2072189835D80016B4AE /* UIKit.framework in Frameworks */ = {isa = PBXBuildFile; fileRef = D18E2054189835D80016B4AE /* UIKit.framework */; };
		D18E207A189835D80016B4AE /* InfoPlist.strings in Resources */ = {isa = PBXBuildFile; fileRef = D18E2078189835D80016B4AE /* InfoPlist.strings */; };
		D18E207C189835D80016B4AE /* Tacp_QuizTests.m in Sources */ = {isa = PBXBuildFile; fileRef = D18E207B189835D80016B4AE /* Tacp_QuizTests.m */; };
		D18E2086189836250016B4AE /* Tacp Image 55%.jpg in Resources */ = {isa = PBXBuildFile; fileRef = D18E2085189836250016B4AE /* Tacp Image 55%.jpg */; };
		D18E20881898368F0016B4AE /* Icon.png in Resources */ = {isa = PBXBuildFile; fileRef = D18E20871898368F0016B4AE /* Icon.png */; };
		D18E208A1898369C0016B4AE /* TACP crest.jpg in Resources */ = {isa = PBXBuildFile; fileRef = D18E20891898369C0016B4AE /* TACP crest.jpg */; };
		D18E208D189839930016B4AE /* Categories.m in Sources */ = {isa = PBXBuildFile; fileRef = D18E208C189839930016B4AE /* Categories.m */; };
		D18E20901898438D0016B4AE /* Game.m in Sources */ = {isa = PBXBuildFile; fileRef = D18E208F1898438D0016B4AE /* Game.m */; };
		F5D1940BFCF6BAA1A0F6F0B9 /* QuestionAnswer.m in Sources */ = {isa = PBXBuildFile; fileRef = F5D19590AF32CC9737C3F7B6 /* QuestionAnswer.m */; };
		F5D19FA06FD77A83DA05CD13 /* CDCVolume1.txt in Resources */ = {isa = PBXBuildFile; fileRef = F5D191DF08D610F24579187C /* CDCVolume1.txt */; };
/* End PBXBuildFile section */

/* Begin PBXContainerItemProxy section */
		D18E2073189835D80016B4AE /* PBXContainerItemProxy */ = {
			isa = PBXContainerItemProxy;
			containerPortal = D18E2045189835D80016B4AE /* Project object */;
			proxyType = 1;
			remoteGlobalIDString = D18E204C189835D80016B4AE;
			remoteInfo = "Tacp Quiz";
		};
/* End PBXContainerItemProxy section */

/* Begin PBXFileReference section */
		7D7E101F1E5E9C3720CD7495 /* CDCVolumeAll.txt */ = {isa = PBXFileReference; fileEncoding = 4; lastKnownFileType = text; path = CDCVolumeAll.txt; sourceTree = "<group>"; };
		7D7E111B591DEE63D1F406C2 /* MQF.txt */ = {isa = PBXFileReference; fileEncoding = 4; lastKnownFileType = text; path = MQF.txt; sourceTree = "<group>"; };
		7D7E1A8F2CC7B57438A3AEE2 /* CDCVolume2.txt */ = {isa = PBXFileReference; fileEncoding = 4; lastKnownFileType = text; path = CDCVolume2.txt; sourceTree = "<group>"; };
		7D7E1D13378684275DD988D4 /* CDCVolume3.txt */ = {isa = PBXFileReference; fileEncoding = 4; lastKnownFileType = text; path = CDCVolume3.txt; sourceTree = "<group>"; };
		D18E204D189835D80016B4AE /* Tacp Quiz.app */ = {isa = PBXFileReference; explicitFileType = wrapper.application; includeInIndex = 0; path = "Tacp Quiz.app"; sourceTree = BUILT_PRODUCTS_DIR; };
		D18E2050189835D80016B4AE /* Foundation.framework */ = {isa = PBXFileReference; lastKnownFileType = wrapper.framework; name = Foundation.framework; path = System/Library/Frameworks/Foundation.framework; sourceTree = SDKROOT; };
		D18E2052189835D80016B4AE /* CoreGraphics.framework */ = {isa = PBXFileReference; lastKnownFileType = wrapper.framework; name = CoreGraphics.framework; path = System/Library/Frameworks/CoreGraphics.framework; sourceTree = SDKROOT; };
		D18E2054189835D80016B4AE /* UIKit.framework */ = {isa = PBXFileReference; lastKnownFileType = wrapper.framework; name = UIKit.framework; path = System/Library/Frameworks/UIKit.framework; sourceTree = SDKROOT; };
		D18E2058189835D80016B4AE /* Tacp Quiz-Info.plist */ = {isa = PBXFileReference; lastKnownFileType = text.plist.xml; path = "Tacp Quiz-Info.plist"; sourceTree = "<group>"; };
		D18E205A189835D80016B4AE /* en */ = {isa = PBXFileReference; lastKnownFileType = text.plist.strings; name = en; path = en.lproj/InfoPlist.strings; sourceTree = "<group>"; };
		D18E205C189835D80016B4AE /* main.m */ = {isa = PBXFileReference; lastKnownFileType = sourcecode.c.objc; path = main.m; sourceTree = "<group>"; };
		D18E205E189835D80016B4AE /* Tacp Quiz-Prefix.pch */ = {isa = PBXFileReference; lastKnownFileType = sourcecode.c.h; path = "Tacp Quiz-Prefix.pch"; sourceTree = "<group>"; };
		D18E205F189835D80016B4AE /* AppDelegate.h */ = {isa = PBXFileReference; lastKnownFileType = sourcecode.c.h; path = AppDelegate.h; sourceTree = "<group>"; };
		D18E2060189835D80016B4AE /* AppDelegate.m */ = {isa = PBXFileReference; lastKnownFileType = sourcecode.c.objc; path = AppDelegate.m; sourceTree = "<group>"; };
		D18E2063189835D80016B4AE /* Base */ = {isa = PBXFileReference; lastKnownFileType = file.storyboard; name = Base; path = Base.lproj/Main.storyboard; sourceTree = "<group>"; };
		D18E2065189835D80016B4AE /* ViewController.h */ = {isa = PBXFileReference; lastKnownFileType = sourcecode.c.h; path = ViewController.h; sourceTree = "<group>"; };
		D18E2066189835D80016B4AE /* ViewController.m */ = {isa = PBXFileReference; lastKnownFileType = sourcecode.c.objc; path = ViewController.m; sourceTree = "<group>"; };
		D18E2068189835D80016B4AE /* Images.xcassets */ = {isa = PBXFileReference; lastKnownFileType = folder.assetcatalog; path = Images.xcassets; sourceTree = "<group>"; };
		D18E206E189835D80016B4AE /* Tacp QuizTests.xctest */ = {isa = PBXFileReference; explicitFileType = wrapper.cfbundle; includeInIndex = 0; path = "Tacp QuizTests.xctest"; sourceTree = BUILT_PRODUCTS_DIR; };
		D18E206F189835D80016B4AE /* XCTest.framework */ = {isa = PBXFileReference; lastKnownFileType = wrapper.framework; name = XCTest.framework; path = Library/Frameworks/XCTest.framework; sourceTree = DEVELOPER_DIR; };
		D18E2077189835D80016B4AE /* Tacp QuizTests-Info.plist */ = {isa = PBXFileReference; lastKnownFileType = text.plist.xml; path = "Tacp QuizTests-Info.plist"; sourceTree = "<group>"; };
		D18E2079189835D80016B4AE /* en */ = {isa = PBXFileReference; lastKnownFileType = text.plist.strings; name = en; path = en.lproj/InfoPlist.strings; sourceTree = "<group>"; };
		D18E207B189835D80016B4AE /* Tacp_QuizTests.m */ = {isa = PBXFileReference; lastKnownFileType = sourcecode.c.objc; path = Tacp_QuizTests.m; sourceTree = "<group>"; };
		D18E2085189836250016B4AE /* Tacp Image 55%.jpg */ = {isa = PBXFileReference; lastKnownFileType = image.jpeg; path = "Tacp Image 55%.jpg"; sourceTree = "<group>"; };
		D18E20871898368F0016B4AE /* Icon.png */ = {isa = PBXFileReference; lastKnownFileType = image.png; path = Icon.png; sourceTree = "<group>"; };
		D18E20891898369C0016B4AE /* TACP crest.jpg */ = {isa = PBXFileReference; lastKnownFileType = image.jpeg; path = "TACP crest.jpg"; sourceTree = "<group>"; };
		D18E208B189839930016B4AE /* Categories.h */ = {isa = PBXFileReference; fileEncoding = 4; lastKnownFileType = sourcecode.c.h; name = Categories.h; path = ../Categories.h; sourceTree = "<group>"; };
		D18E208C189839930016B4AE /* Categories.m */ = {isa = PBXFileReference; fileEncoding = 4; lastKnownFileType = sourcecode.c.objc; name = Categories.m; path = ../Categories.m; sourceTree = "<group>"; };
		D18E208E1898438D0016B4AE /* Game.h */ = {isa = PBXFileReference; fileEncoding = 4; lastKnownFileType = sourcecode.c.h; name = Game.h; path = ../Game.h; sourceTree = "<group>"; };
		D18E208F1898438D0016B4AE /* Game.m */ = {isa = PBXFileReference; fileEncoding = 4; lastKnownFileType = sourcecode.c.objc; name = Game.m; path = ../Game.m; sourceTree = "<group>"; };
		F5D191DF08D610F24579187C /* CDCVolume1.txt */ = {isa = PBXFileReference; fileEncoding = 4; lastKnownFileType = text; path = CDCVolume1.txt; sourceTree = "<group>"; };
		F5D19590AF32CC9737C3F7B6 /* QuestionAnswer.m */ = {isa = PBXFileReference; fileEncoding = 4; lastKnownFileType = sourcecode.c.objc; path = QuestionAnswer.m; sourceTree = "<group>"; };
		F5D19DB5EAE0C182D82908E7 /* QuestionAnswer.h */ = {isa = PBXFileReference; fileEncoding = 4; lastKnownFileType = sourcecode.c.h; path = QuestionAnswer.h; sourceTree = "<group>"; };
/* End PBXFileReference section */

/* Begin PBXFrameworksBuildPhase section */
		D18E204A189835D80016B4AE /* Frameworks */ = {
			isa = PBXFrameworksBuildPhase;
			buildActionMask = 2147483647;
			files = (
				D18E2053189835D80016B4AE /* CoreGraphics.framework in Frameworks */,
				D18E2055189835D80016B4AE /* UIKit.framework in Frameworks */,
				D18E2051189835D80016B4AE /* Foundation.framework in Frameworks */,
			);
			runOnlyForDeploymentPostprocessing = 0;
		};
		D18E206B189835D80016B4AE /* Frameworks */ = {
			isa = PBXFrameworksBuildPhase;
			buildActionMask = 2147483647;
			files = (
				D18E2070189835D80016B4AE /* XCTest.framework in Frameworks */,
				D18E2072189835D80016B4AE /* UIKit.framework in Frameworks */,
				D18E2071189835D80016B4AE /* Foundation.framework in Frameworks */,
			);
			runOnlyForDeploymentPostprocessing = 0;
		};
/* End PBXFrameworksBuildPhase section */

/* Begin PBXGroup section */
		D18E2044189835D80016B4AE = {
			isa = PBXGroup;
			children = (
				D18E2056189835D80016B4AE /* Tacp Quiz */,
				D18E2075189835D80016B4AE /* Tacp QuizTests */,
				D18E204F189835D80016B4AE /* Frameworks */,
				D18E204E189835D80016B4AE /* Products */,
			);
			sourceTree = "<group>";
		};
		D18E204E189835D80016B4AE /* Products */ = {
			isa = PBXGroup;
			children = (
				D18E204D189835D80016B4AE /* Tacp Quiz.app */,
				D18E206E189835D80016B4AE /* Tacp QuizTests.xctest */,
			);
			name = Products;
			sourceTree = "<group>";
		};
		D18E204F189835D80016B4AE /* Frameworks */ = {
			isa = PBXGroup;
			children = (
				D18E2050189835D80016B4AE /* Foundation.framework */,
				D18E2052189835D80016B4AE /* CoreGraphics.framework */,
				D18E2054189835D80016B4AE /* UIKit.framework */,
				D18E206F189835D80016B4AE /* XCTest.framework */,
			);
			name = Frameworks;
			sourceTree = "<group>";
		};
		D18E2056189835D80016B4AE /* Tacp Quiz */ = {
			isa = PBXGroup;
			children = (
				D18E205F189835D80016B4AE /* AppDelegate.h */,
				D18E2060189835D80016B4AE /* AppDelegate.m */,
				D18E2062189835D80016B4AE /* Main.storyboard */,
				D18E2065189835D80016B4AE /* ViewController.h */,
				D18E2066189835D80016B4AE /* ViewController.m */,
				D18E208B189839930016B4AE /* Categories.h */,
				D18E208C189839930016B4AE /* Categories.m */,
				D18E208E1898438D0016B4AE /* Game.h */,
				D18E208F1898438D0016B4AE /* Game.m */,
				D18E2068189835D80016B4AE /* Images.xcassets */,
				D18E2057189835D80016B4AE /* Supporting Files */,
				F5D191DF08D610F24579187C /* CDCVolume1.txt */,
				F5D19590AF32CC9737C3F7B6 /* QuestionAnswer.m */,
				F5D19DB5EAE0C182D82908E7 /* QuestionAnswer.h */,
				7D7E1A8F2CC7B57438A3AEE2 /* CDCVolume2.txt */,
				7D7E1D13378684275DD988D4 /* CDCVolume3.txt */,
				7D7E101F1E5E9C3720CD7495 /* CDCVolumeAll.txt */,
				7D7E111B591DEE63D1F406C2 /* MQF.txt */,
			);
			path = "Tacp Quiz";
			sourceTree = "<group>";
		};
		D18E2057189835D80016B4AE /* Supporting Files */ = {
			isa = PBXGroup;
			children = (
				D18E2058189835D80016B4AE /* Tacp Quiz-Info.plist */,
				D18E20871898368F0016B4AE /* Icon.png */,
				D18E20891898369C0016B4AE /* TACP crest.jpg */,
				D18E2085189836250016B4AE /* Tacp Image 55%.jpg */,
				D18E2059189835D80016B4AE /* InfoPlist.strings */,
				D18E205C189835D80016B4AE /* main.m */,
				D18E205E189835D80016B4AE /* Tacp Quiz-Prefix.pch */,
			);
			name = "Supporting Files";
			sourceTree = "<group>";
		};
		D18E2075189835D80016B4AE /* Tacp QuizTests */ = {
			isa = PBXGroup;
			children = (
				D18E207B189835D80016B4AE /* Tacp_QuizTests.m */,
				D18E2076189835D80016B4AE /* Supporting Files */,
			);
			path = "Tacp QuizTests";
			sourceTree = "<group>";
		};
		D18E2076189835D80016B4AE /* Supporting Files */ = {
			isa = PBXGroup;
			children = (
				D18E2077189835D80016B4AE /* Tacp QuizTests-Info.plist */,
				D18E2078189835D80016B4AE /* InfoPlist.strings */,
			);
			name = "Supporting Files";
			sourceTree = "<group>";
		};
/* End PBXGroup section */

/* Begin PBXNativeTarget section */
		D18E204C189835D80016B4AE /* Tacp Quiz */ = {
			isa = PBXNativeTarget;
			buildConfigurationList = D18E207F189835D80016B4AE /* Build configuration list for PBXNativeTarget "Tacp Quiz" */;
			buildPhases = (
				D18E2049189835D80016B4AE /* Sources */,
				D18E204A189835D80016B4AE /* Frameworks */,
				D18E204B189835D80016B4AE /* Resources */,
			);
			buildRules = (
			);
			dependencies = (
			);
			name = "Tacp Quiz";
			productName = "Tacp Quiz";
			productReference = D18E204D189835D80016B4AE /* Tacp Quiz.app */;
			productType = "com.apple.product-type.application";
		};
		D18E206D189835D80016B4AE /* Tacp QuizTests */ = {
			isa = PBXNativeTarget;
			buildConfigurationList = D18E2082189835D80016B4AE /* Build configuration list for PBXNativeTarget "Tacp QuizTests" */;
			buildPhases = (
				D18E206A189835D80016B4AE /* Sources */,
				D18E206B189835D80016B4AE /* Frameworks */,
				D18E206C189835D80016B4AE /* Resources */,
			);
			buildRules = (
			);
			dependencies = (
				D18E2074189835D80016B4AE /* PBXTargetDependency */,
			);
			name = "Tacp QuizTests";
			productName = "Tacp QuizTests";
			productReference = D18E206E189835D80016B4AE /* Tacp QuizTests.xctest */;
			productType = "com.apple.product-type.bundle.unit-test";
		};
/* End PBXNativeTarget section */

/* Begin PBXProject section */
		D18E2045189835D80016B4AE /* Project object */ = {
			isa = PBXProject;
			attributes = {
				LastUpgradeCheck = 0500;
				ORGANIZATIONNAME = "Joseph Marion";
				TargetAttributes = {
					D18E206D189835D80016B4AE = {
						TestTargetID = D18E204C189835D80016B4AE;
					};
				};
			};
			buildConfigurationList = D18E2048189835D80016B4AE /* Build configuration list for PBXProject "Tacp Quiz" */;
			compatibilityVersion = "Xcode 3.2";
			developmentRegion = English;
			hasScannedForEncodings = 0;
			knownRegions = (
				en,
				Base,
			);
			mainGroup = D18E2044189835D80016B4AE;
			productRefGroup = D18E204E189835D80016B4AE /* Products */;
			projectDirPath = "";
			projectRoot = "";
			targets = (
				D18E204C189835D80016B4AE /* Tacp Quiz */,
				D18E206D189835D80016B4AE /* Tacp QuizTests */,
			);
		};
/* End PBXProject section */

/* Begin PBXResourcesBuildPhase section */
		D18E204B189835D80016B4AE /* Resources */ = {
			isa = PBXResourcesBuildPhase;
			buildActionMask = 2147483647;
			files = (
				D18E2069189835D80016B4AE /* Images.xcassets in Resources */,
				D18E205B189835D80016B4AE /* InfoPlist.strings in Resources */,
				D18E208A1898369C0016B4AE /* TACP crest.jpg in Resources */,
				D18E20881898368F0016B4AE /* Icon.png in Resources */,
				D18E2064189835D80016B4AE /* Main.storyboard in Resources */,
				D18E2086189836250016B4AE /* Tacp Image 55%.jpg in Resources */,
				F5D19FA06FD77A83DA05CD13 /* CDCVolume1.txt in Resources */,
				7D7E15C7D60E4CE9B1357A07 /* CDCVolume2.txt in Resources */,
				7D7E1C31AFBE8FC94FC766CD /* CDCVolume3.txt in Resources */,
				7D7E15D41A11A800AF70BB95 /* CDCVolumeAll.txt in Resources */,
				7D7E12120130D58D045A21A7 /* MQF.txt in Resources */,
			);
			runOnlyForDeploymentPostprocessing = 0;
		};
		D18E206C189835D80016B4AE /* Resources */ = {
			isa = PBXResourcesBuildPhase;
			buildActionMask = 2147483647;
			files = (
				D18E207A189835D80016B4AE /* InfoPlist.strings in Resources */,
			);
			runOnlyForDeploymentPostprocessing = 0;
		};
/* End PBXResourcesBuildPhase section */

/* Begin PBXSourcesBuildPhase section */
		D18E2049189835D80016B4AE /* Sources */ = {
			isa = PBXSourcesBuildPhase;
			buildActionMask = 2147483647;
			files = (
				D18E20901898438D0016B4AE /* Game.m in Sources */,
				D18E2067189835D80016B4AE /* ViewController.m in Sources */,
				D18E208D189839930016B4AE /* Categories.m in Sources */,
				D18E2061189835D80016B4AE /* AppDelegate.m in Sources */,
				D18E205D189835D80016B4AE /* main.m in Sources */,
				F5D1940BFCF6BAA1A0F6F0B9 /* QuestionAnswer.m in Sources */,
			);
			runOnlyForDeploymentPostprocessing = 0;
		};
		D18E206A189835D80016B4AE /* Sources */ = {
			isa = PBXSourcesBuildPhase;
			buildActionMask = 2147483647;
			files = (
				D18E207C189835D80016B4AE /* Tacp_QuizTests.m in Sources */,
			);
			runOnlyForDeploymentPostprocessing = 0;
		};
/* End PBXSourcesBuildPhase section */

/* Begin PBXTargetDependency section */
		D18E2074189835D80016B4AE /* PBXTargetDependency */ = {
			isa = PBXTargetDependency;
			target = D18E204C189835D80016B4AE /* Tacp Quiz */;
			targetProxy = D18E2073189835D80016B4AE /* PBXContainerItemProxy */;
		};
/* End PBXTargetDependency section */

/* Begin PBXVariantGroup section */
		D18E2059189835D80016B4AE /* InfoPlist.strings */ = {
			isa = PBXVariantGroup;
			children = (
				D18E205A189835D80016B4AE /* en */,
			);
			name = InfoPlist.strings;
			sourceTree = "<group>";
		};
		D18E2062189835D80016B4AE /* Main.storyboard */ = {
			isa = PBXVariantGroup;
			children = (
				D18E2063189835D80016B4AE /* Base */,
			);
			name = Main.storyboard;
			sourceTree = "<group>";
		};
		D18E2078189835D80016B4AE /* InfoPlist.strings */ = {
			isa = PBXVariantGroup;
			children = (
				D18E2079189835D80016B4AE /* en */,
			);
			name = InfoPlist.strings;
			sourceTree = "<group>";
		};
/* End PBXVariantGroup section */

/* Begin XCBuildConfiguration section */
		D18E207D189835D80016B4AE /* Debug */ = {
			isa = XCBuildConfiguration;
			buildSettings = {
				ALWAYS_SEARCH_USER_PATHS = NO;
				ARCHS = "$(ARCHS_STANDARD_INCLUDING_64_BIT)";
				CLANG_CXX_LANGUAGE_STANDARD = "gnu++0x";
				CLANG_CXX_LIBRARY = "libc++";
				CLANG_ENABLE_MODULES = YES;
				CLANG_ENABLE_OBJC_ARC = YES;
				CLANG_WARN_BOOL_CONVERSION = YES;
				CLANG_WARN_CONSTANT_CONVERSION = YES;
				CLANG_WARN_DIRECT_OBJC_ISA_USAGE = YES_ERROR;
				CLANG_WARN_EMPTY_BODY = YES;
				CLANG_WARN_ENUM_CONVERSION = YES;
				CLANG_WARN_INT_CONVERSION = YES;
				CLANG_WARN_OBJC_ROOT_CLASS = YES_ERROR;
				CLANG_WARN__DUPLICATE_METHOD_MATCH = YES;
				"CODE_SIGN_IDENTITY[sdk=iphoneos*]" = "iPhone Developer";
				COPY_PHASE_STRIP = NO;
				GCC_C_LANGUAGE_STANDARD = gnu99;
				GCC_DYNAMIC_NO_PIC = NO;
				GCC_OPTIMIZATION_LEVEL = 0;
				GCC_PREPROCESSOR_DEFINITIONS = (
					"DEBUG=1",
					"$(inherited)",
				);
				GCC_SYMBOLS_PRIVATE_EXTERN = NO;
				GCC_WARN_64_TO_32_BIT_CONVERSION = YES;
				GCC_WARN_ABOUT_RETURN_TYPE = YES_ERROR;
				GCC_WARN_UNDECLARED_SELECTOR = YES;
				GCC_WARN_UNINITIALIZED_AUTOS = YES;
				GCC_WARN_UNUSED_FUNCTION = YES;
				GCC_WARN_UNUSED_VARIABLE = YES;
				IPHONEOS_DEPLOYMENT_TARGET = 7.0;
				ONLY_ACTIVE_ARCH = YES;
				SDKROOT = iphoneos;
			};
			name = Debug;
		};
		D18E207E189835D80016B4AE /* Release */ = {
			isa = XCBuildConfiguration;
			buildSettings = {
				ALWAYS_SEARCH_USER_PATHS = NO;
				ARCHS = "$(ARCHS_STANDARD_INCLUDING_64_BIT)";
				CLANG_CXX_LANGUAGE_STANDARD = "gnu++0x";
				CLANG_CXX_LIBRARY = "libc++";
				CLANG_ENABLE_MODULES = YES;
				CLANG_ENABLE_OBJC_ARC = YES;
				CLANG_WARN_BOOL_CONVERSION = YES;
				CLANG_WARN_CONSTANT_CONVERSION = YES;
				CLANG_WARN_DIRECT_OBJC_ISA_USAGE = YES_ERROR;
				CLANG_WARN_EMPTY_BODY = YES;
				CLANG_WARN_ENUM_CONVERSION = YES;
				CLANG_WARN_INT_CONVERSION = YES;
				CLANG_WARN_OBJC_ROOT_CLASS = YES_ERROR;
				CLANG_WARN__DUPLICATE_METHOD_MATCH = YES;
				"CODE_SIGN_IDENTITY[sdk=iphoneos*]" = "iPhone Developer";
				COPY_PHASE_STRIP = YES;
				ENABLE_NS_ASSERTIONS = NO;
				GCC_C_LANGUAGE_STANDARD = gnu99;
				GCC_WARN_64_TO_32_BIT_CONVERSION = YES;
				GCC_WARN_ABOUT_RETURN_TYPE = YES_ERROR;
				GCC_WARN_UNDECLARED_SELECTOR = YES;
				GCC_WARN_UNINITIALIZED_AUTOS = YES;
				GCC_WARN_UNUSED_FUNCTION = YES;
				GCC_WARN_UNUSED_VARIABLE = YES;
				IPHONEOS_DEPLOYMENT_TARGET = 7.0;
				SDKROOT = iphoneos;
				VALIDATE_PRODUCT = YES;
			};
			name = Release;
		};
		D18E2080189835D80016B4AE /* Debug */ = {
			isa = XCBuildConfiguration;
			buildSettings = {
				ASSETCATALOG_COMPILER_APPICON_NAME = AppIcon;
				ASSETCATALOG_COMPILER_LAUNCHIMAGE_NAME = LaunchImage;
				GCC_PRECOMPILE_PREFIX_HEADER = YES;
				GCC_PREFIX_HEADER = "Tacp Quiz/Tacp Quiz-Prefix.pch";
				INFOPLIST_FILE = "Tacp Quiz/Tacp Quiz-Info.plist";
				PRODUCT_NAME = "$(TARGET_NAME)";
				WRAPPER_EXTENSION = app;
			};
			name = Debug;
		};
		D18E2081189835D80016B4AE /* Release */ = {
			isa = XCBuildConfiguration;
			buildSettings = {
				ASSETCATALOG_COMPILER_APPICON_NAME = AppIcon;
				ASSETCATALOG_COMPILER_LAUNCHIMAGE_NAME = LaunchImage;
				GCC_PRECOMPILE_PREFIX_HEADER = YES;
				GCC_PREFIX_HEADER = "Tacp Quiz/Tacp Quiz-Prefix.pch";
				INFOPLIST_FILE = "Tacp Quiz/Tacp Quiz-Info.plist";
				PRODUCT_NAME = "$(TARGET_NAME)";
				WRAPPER_EXTENSION = app;
			};
			name = Release;
		};
		D18E2083189835D80016B4AE /* Debug */ = {
			isa = XCBuildConfiguration;
			buildSettings = {
				ARCHS = "$(ARCHS_STANDARD_INCLUDING_64_BIT)";
				BUNDLE_LOADER = "$(BUILT_PRODUCTS_DIR)/Tacp Quiz.app/Tacp Quiz";
				FRAMEWORK_SEARCH_PATHS = (
					"$(SDKROOT)/Developer/Library/Frameworks",
					"$(inherited)",
					"$(DEVELOPER_FRAMEWORKS_DIR)",
				);
				GCC_PRECOMPILE_PREFIX_HEADER = YES;
				GCC_PREFIX_HEADER = "Tacp Quiz/Tacp Quiz-Prefix.pch";
				GCC_PREPROCESSOR_DEFINITIONS = (
					"DEBUG=1",
					"$(inherited)",
				);
				INFOPLIST_FILE = "Tacp QuizTests/Tacp QuizTests-Info.plist";
				PRODUCT_NAME = "$(TARGET_NAME)";
				TEST_HOST = "$(BUNDLE_LOADER)";
				WRAPPER_EXTENSION = xctest;
			};
			name = Debug;
		};
		D18E2084189835D80016B4AE /* Release */ = {
			isa = XCBuildConfiguration;
			buildSettings = {
				ARCHS = "$(ARCHS_STANDARD_INCLUDING_64_BIT)";
				BUNDLE_LOADER = "$(BUILT_PRODUCTS_DIR)/Tacp Quiz.app/Tacp Quiz";
				FRAMEWORK_SEARCH_PATHS = (
					"$(SDKROOT)/Developer/Library/Frameworks",
					"$(inherited)",
					"$(DEVELOPER_FRAMEWORKS_DIR)",
				);
				GCC_PRECOMPILE_PREFIX_HEADER = YES;
				GCC_PREFIX_HEADER = "Tacp Quiz/Tacp Quiz-Prefix.pch";
				INFOPLIST_FILE = "Tacp QuizTests/Tacp QuizTests-Info.plist";
				PRODUCT_NAME = "$(TARGET_NAME)";
				TEST_HOST = "$(BUNDLE_LOADER)";
				WRAPPER_EXTENSION = xctest;
			};
			name = Release;
		};
/* End XCBuildConfiguration section */

/* Begin XCConfigurationList section */
		D18E2048189835D80016B4AE /* Build configuration list for PBXProject "Tacp Quiz" */ = {
			isa = XCConfigurationList;
			buildConfigurations = (
				D18E207D189835D80016B4AE /* Debug */,
				D18E207E189835D80016B4AE /* Release */,
			);
			defaultConfigurationIsVisible = 0;
			defaultConfigurationName = Release;
		};
		D18E207F189835D80016B4AE /* Build configuration list for PBXNativeTarget "Tacp Quiz" */ = {
			isa = XCConfigurationList;
			buildConfigurations = (
				D18E2080189835D80016B4AE /* Debug */,
				D18E2081189835D80016B4AE /* Release */,
			);
			defaultConfigurationIsVisible = 0;
			defaultConfigurationName = Release;
		};
		D18E2082189835D80016B4AE /* Build configuration list for PBXNativeTarget "Tacp QuizTests" */ = {
			isa = XCConfigurationList;
			buildConfigurations = (
				D18E2083189835D80016B4AE /* Debug */,
				D18E2084189835D80016B4AE /* Release */,
			);
			defaultConfigurationIsVisible = 0;
			defaultConfigurationName = Release;
		};
/* End XCConfigurationList section */
	};
	rootObject = D18E2045189835D80016B4AE /* Project object */;
}
